# THIS IS AN AUTOGENERATED FILE. DO NOT EDIT THIS FILE DIRECTLY.
# yarn lockfile v1


"@faker-js/faker@^10.3.0":
  version "10.3.0"
  resolved "https://registry.yarnpkg.com/@faker-js/faker/-/faker-10.3.0.tgz#d56b68e4f1dd090152029fe91d2f8505389947f2"
  integrity sha512-It0Sne6P3szg7JIi6CgKbvTZoMjxBZhcv91ZrqrNuaZQfB5WoqYYbzCUOq89YR+VY8juY9M1vDWmDDa2TzfXCw==
